
Microsoft Visual Studio Solution File, Format Version 12.00
# Visual Studio Version 17
VisualStudioVersion = 17.4.33110.190
MinimumVisualStudioVersion = 10.0.40219.1
Project("{FAE04EC0-301F-11D3-BF4B-00C04F79EFBC}") = "ResourceServer", "ResourceServer\ResourceServer.csproj", "{33E71DD6-C0D2-4447-916F-BF57E2C9E768}"
EndProject
Global
	GlobalSection(SolutionConfigurationPlatforms) = preSolution
		Debug|Any CPU = Debug|Any CPU
		Release|Any CPU = Release|Any CPU
	EndGlobalSection
	GlobalSection(ProjectConfigurationPlatforms) = postSolution
		{33E71DD6-C0D2-4447-916F-BF57E2C9E768}.Debug|Any CPU.ActiveCfg = Debug|Any CPU
		{33E71DD6-C0D2-4447-916F-BF57E2C9E768}.Debug|Any CPU.Build.0 = Debug|Any CPU
		{33E71DD6-C0D2-4447-916F-BF57E2C9E768}.Release|Any CPU.ActiveCfg = Release|Any CPU
		{33E71DD6-C0D2-4447-916F-BF57E2C9E768}.Release|Any CPU.Build.0 = Release|Any CPU
	EndGlobalSection
	GlobalSection(SolutionProperties) = preSolution
		HideSolutionNode = FALSE
	EndGlobalSection
	GlobalSection(ExtensibilityGlobals) = postSolution
		SolutionGuid = {A1FA8108-1416-4A84-8328-02BAA343A7D0}
	EndGlobalSection
EndGlobal
